// !$*UTF8*$!
{
	archiveVersion = 1;
	classes = {
	};
	objectVersion = 56;
	objects = {

/* Begin PBXBuildFile section */
		01214538293A17B900B3E13F /* AppDelegate.swift in Sources */ = {isa = PBXBuildFile; fileRef = 01214537293A17B900B3E13F /* AppDelegate.swift */; };
		0121453A293A17B900B3E13F /* SceneDelegate.swift in Sources */ = {isa = PBXBuildFile; fileRef = 01214539293A17B900B3E13F /* SceneDelegate.swift */; };
		0121453C293A17B900B3E13F /* ViewController.swift in Sources */ = {isa = PBXBuildFile; fileRef = 0121453B293A17B900B3E13F /* ViewController.swift */; };
		0121453F293A17B900B3E13F /* Main.storyboard in Resources */ = {isa = PBXBuildFile; fileRef = 0121453D293A17B900B3E13F /* Main.storyboard */; };
		01214541293A17BD00B3E13F /* Assets.xcassets in Resources */ = {isa = PBXBuildFile; fileRef = 01214540293A17BD00B3E13F /* Assets.xcassets */; };
		01214544293A17BD00B3E13F /* LaunchScreen.storyboard in Resources */ = {isa = PBXBuildFile; fileRef = 01214542293A17BD00B3E13F /* LaunchScreen.storyboard */; };
		0121454F293A17BD00B3E13F /* TryDiffableLayoutCollectionViewTests.swift in Sources */ = {isa = PBXBuildFile; fileRef = 0121454E293A17BD00B3E13F /* TryDiffableLayoutCollectionViewTests.swift */; };
		01214559293A17BE00B3E13F /* TryDiffableLayoutCollectionViewUITests.swift in Sources */ = {isa = PBXBuildFile; fileRef = 01214558293A17BE00B3E13F /* TryDiffableLayoutCollectionViewUITests.swift */; };
		0121455B293A17BE00B3E13F /* TryDiffableLayoutCollectionViewUITestsLaunchTests.swift in Sources */ = {isa = PBXBuildFile; fileRef = 0121455A293A17BE00B3E13F /* TryDiffableLayoutCollectionViewUITestsLaunchTests.swift */; };
/* End PBXBuildFile section */

/* Begin PBXContainerItemProxy section */
		0121454B293A17BD00B3E13F /* PBXContainerItemProxy */ = {
			isa = PBXContainerItemProxy;
			containerPortal = 0121452C293A17B900B3E13F /* Project object */;
			proxyType = 1;
			remoteGlobalIDString = 01214533293A17B900B3E13F;
			remoteInfo = TryDiffableLayoutCollectionView;
		};
		01214555293A17BE00B3E13F /* PBXContainerItemProxy */ = {
			isa = PBXContainerItemProxy;
			containerPortal = 0121452C293A17B900B3E13F /* Project object */;
			proxyType = 1;
			remoteGlobalIDString = 01214533293A17B900B3E13F;
			remoteInfo = TryDiffableLayoutCollectionView;
		};
/* End PBXContainerItemProxy section */

/* Begin PBXFileReference section */
		01214534293A17B900B3E13F /* TryDiffableLayoutCollectionView.app */ = {isa = PBXFileReference; explicitFileType = wrapper.application; includeInIndex = 0; path = TryDiffableLayoutCollectionView.app; sourceTree = BUILT_PRODUCTS_DIR; };
		01214537293A17B900B3E13F /* AppDelegate.swift */ = {isa = PBXFileReference; lastKnownFileType = sourcecode.swift; path = AppDelegate.swift; sourceTree = "<group>"; };
		01214539293A17B900B3E13F /* SceneDelegate.swift */ = {isa = PBXFileReference; lastKnownFileType = sourcecode.swift; path = SceneDelegate.swift; sourceTree = "<group>"; };
		0121453B293A17B900B3E13F /* ViewController.swift */ = {isa = PBXFileReference; lastKnownFileType = sourcecode.swift; path = ViewController.swift; sourceTree = "<group>"; };
		0121453E293A17B900B3E13F /* Base */ = {isa = PBXFileReference; lastKnownFileType = file.storyboard; name = Base; path = Base.lproj/Main.storyboard; sourceTree = "<group>"; };
		01214540293A17BD00B3E13F /* Assets.xcassets */ = {isa = PBXFileReference; lastKnownFileType = folder.assetcatalog; path = Assets.xcassets; sourceTree = "<group>"; };
		01214543293A17BD00B3E13F /* Base */ = {isa = PBXFileReference; lastKnownFileType = file.storyboard; name = Base; path = Base.lproj/LaunchScreen.storyboard; sourceTree = "<group>"; };
		01214545293A17BD00B3E13F /* Info.plist */ = {isa = PBXFileReference; lastKnownFileType = text.plist.xml; path = Info.plist; sourceTree = "<group>"; };
		0121454A293A17BD00B3E13F /* TryDiffableLayoutCollectionViewTests.xctest */ = {isa = PBXFileReference; explicitFileType = wrapper.cfbundle; includeInIndex = 0; path = TryDiffableLayoutCollectionViewTests.xctest; sourceTree = BUILT_PRODUCTS_DIR; };
		0121454E293A17BD00B3E13F /* TryDiffableLayoutCollectionViewTests.swift */ = {isa = PBXFileReference; lastKnownFileType = sourcecode.swift; path = TryDiffableLayoutCollectionViewTests.swift; sourceTree = "<group>"; };
		01214554293A17BE00B3E13F /* TryDiffableLayoutCollectionViewUITests.xctest */ = {isa = PBXFileReference; explicitFileType = wrapper.cfbundle; includeInIndex = 0; path = TryDiffableLayoutCollectionViewUITests.xctest; sourceTree = BUILT_PRODUCTS_DIR; };
		01214558293A17BE00B3E13F /* TryDiffableLayoutCollectionViewUITests.swift */ = {isa = PBXFileReference; lastKnownFileType = sourcecode.swift; path = TryDiffableLayoutCollectionViewUITests.swift; sourceTree = "<group>"; };
		0121455A293A17BE00B3E13F /* TryDiffableLayoutCollectionViewUITestsLaunchTests.swift */ = {isa = PBXFileReference; lastKnownFileType = sourcecode.swift; path = TryDiffableLayoutCollectionViewUITestsLaunchTests.swift; sourceTree = "<group>"; };
/* End PBXFileReference section */

/* Begin PBXFrameworksBuildPhase section */
		01214531293A17B900B3E13F /* Frameworks */ = {
			isa = PBXFrameworksBuildPhase;
			buildActionMask = 2147483647;
			files = (
			);
			runOnlyForDeploymentPostprocessing = 0;
		};
		01214547293A17BD00B3E13F /* Frameworks */ = {
			isa = PBXFrameworksBuildPhase;
			buildActionMask = 2147483647;
			files = (
			);
			runOnlyForDeploymentPostprocessing = 0;
		};
		01214551293A17BE00B3E13F /* Frameworks */ = {
			isa = PBXFrameworksBuildPhase;
			buildActionMask = 2147483647;
			files = (
			);
			runOnlyForDeploymentPostprocessing = 0;
		};
/* End PBXFrameworksBuildPhase section */

/* Begin PBXGroup section */
		0121452B293A17B900B3E13F = {
			isa = PBXGroup;
			children = (
				01214536293A17B900B3E13F /* TryDiffableLayoutCollectionView */,
				0121454D293A17BD00B3E13F /* TryDiffableLayoutCollectionViewTests */,
				01214557293A17BE00B3E13F /* TryDiffableLayoutCollectionViewUITests */,
				01214535293A17B900B3E13F /* Products */,
			);
			sourceTree = "<group>";
		};
		01214535293A17B900B3E13F /* Products */ = {
			isa = PBXGroup;
			children = (
				01214534293A17B900B3E13F /* TryDiffableLayoutCollectionView.app */,
				0121454A293A17BD00B3E13F /* TryDiffableLayoutCollectionViewTests.xctest */,
				01214554293A17BE00B3E13F /* TryDiffableLayoutCollectionViewUITests.xctest */,
			);
			name = Products;
			sourceTree = "<group>";
		};
		01214536293A17B900B3E13F /* TryDiffableLayoutCollectionView */ = {
			isa = PBXGroup;
			children = (
				01214537293A17B900B3E13F /* AppDelegate.swift */,
				01214539293A17B900B3E13F /* SceneDelegate.swift */,
				0121453B293A17B900B3E13F /* ViewController.swift */,
				0121453D293A17B900B3E13F /* Main.storyboard */,
				01214540293A17BD00B3E13F /* Assets.xcassets */,
				01214542293A17BD00B3E13F /* LaunchScreen.storyboard */,
				01214545293A17BD00B3E13F /* Info.plist */,
			);
			path = TryDiffableLayoutCollectionView;
			sourceTree = "<group>";
		};
		0121454D293A17BD00B3E13F /* TryDiffableLayoutCollectionViewTests */ = {
			isa = PBXGroup;
			children = (
				0121454E293A17BD00B3E13F /* TryDiffableLayoutCollectionViewTests.swift */,
			);
			path = TryDiffableLayoutCollectionViewTests;
			sourceTree = "<group>";
		};
		01214557293A17BE00B3E13F /* TryDiffableLayoutCollectionViewUITests */ = {
			isa = PBXGroup;
			children = (
				01214558293A17BE00B3E13F /* TryDiffableLayoutCollectionViewUITests.swift */,
				0121455A293A17BE00B3E13F /* TryDiffableLayoutCollectionViewUITestsLaunchTests.swift */,
			);
			path = TryDiffableLayoutCollectionViewUITests;
			sourceTree = "<group>";
		};
/* End PBXGroup section */

/* Begin PBXNativeTarget section */
		01214533293A17B900B3E13F /* TryDiffableLayoutCollectionView */ = {
			isa = PBXNativeTarget;
			buildConfigurationList = 0121455E293A17BE00B3E13F /* Build configuration list for PBXNativeTarget "TryDiffableLayoutCollectionView" */;
			buildPhases = (
				01214530293A17B900B3E13F /* Sources */,
				01214531293A17B900B3E13F /* Frameworks */,
				01214532293A17B900B3E13F /* Resources */,
			);
			buildRules = (
			);
			dependencies = (
			);
			name = TryDiffableLayoutCollectionView;
			productName = TryDiffableLayoutCollectionView;
			productReference = 01214534293A17B900B3E13F /* TryDiffableLayoutCollectionView.app */;
			productType = "com.apple.product-type.application";
		};
		01214549293A17BD00B3E13F /* TryDiffableLayoutCollectionViewTests */ = {
			isa = PBXNativeTarget;
			buildConfigurationList = 01214561293A17BE00B3E13F /* Build configuration list for PBXNativeTarget "TryDiffableLayoutCollectionViewTests" */;
			buildPhases = (
				01214546293A17BD00B3E13F /* Sources */,
				01214547293A17BD00B3E13F /* Frameworks */,
				01214548293A17BD00B3E13F /* Resources */,
			);
			buildRules = (
			);
			dependencies = (
				0121454C293A17BD00B3E13F /* PBXTargetDependency */,
			);
			name = TryDiffableLayoutCollectionViewTests;
			productName = TryDiffableLayoutCollectionViewTests;
			productReference = 0121454A293A17BD00B3E13F /* TryDiffableLayoutCollectionViewTests.xctest */;
			productType = "com.apple.product-type.bundle.unit-test";
		};
		01214553293A17BE00B3E13F /* TryDiffableLayoutCollectionViewUITests */ = {
			isa = PBXNativeTarget;
			buildConfigurationList = 01214564293A17BE00B3E13F /* Build configuration list for PBXNativeTarget "TryDiffableLayoutCollectionViewUITests" */;
			buildPhases = (
				01214550293A17BE00B3E13F /* Sources */,
				01214551293A17BE00B3E13F /* Frameworks */,
				01214552293A17BE00B3E13F /* Resources */,
			);
			buildRules = (
			);
			dependencies = (
				01214556293A17BE00B3E13F /* PBXTargetDependency */,
			);
			name = TryDiffableLayoutCollectionViewUITests;
			productName = TryDiffableLayoutCollectionViewUITests;
			productReference = 01214554293A17BE00B3E13F /* TryDiffableLayoutCollectionViewUITests.xctest */;
			productType = "com.apple.product-type.bundle.ui-testing";
		};
/* End PBXNativeTarget section */

/* Begin PBXProject section */
		0121452C293A17B900B3E13F /* Project object */ = {
			isa = PBXProject;
			attributes = {
				BuildIndependentTargetsInParallel = 1;
				LastSwiftUpdateCheck = 1400;
				LastUpgradeCheck = 1400;
				TargetAttributes = {
					01214533293A17B900B3E13F = {
						CreatedOnToolsVersion = 14.0;
					};
					01214549293A17BD00B3E13F = {
						CreatedOnToolsVersion = 14.0;
						TestTargetID = 01214533293A17B900B3E13F;
					};
					01214553293A17BE00B3E13F = {
						CreatedOnToolsVersion = 14.0;
						TestTargetID = 01214533293A17B900B3E13F;
					};
				};
			};
			buildConfigurationList = 0121452F293A17B900B3E13F /* Build configuration list for PBXProject "TryDiffableLayoutCollectionView" */;
			compatibilityVersion = "Xcode 14.0";
			developmentRegion = en;
			hasScannedForEncodings = 0;
			knownRegions = (
				en,
				Base,
			);
			mainGroup = 0121452B293A17B900B3E13F;
			productRefGroup = 01214535293A17B900B3E13F /* Products */;
			projectDirPath = "";
			projectRoot = "";
			targets = (
				01214533293A17B900B3E13F /* TryDiffableLayoutCollectionView */,
				01214549293A17BD00B3E13F /* TryDiffableLayoutCollectionViewTests */,
				01214553293A17BE00B3E13F /* TryDiffableLayoutCollectionViewUITests */,
			);
		};
/* End PBXProject section */

/* Begin PBXResourcesBuildPhase section */
		01214532293A17B900B3E13F /* Resources */ = {
			isa = PBXResourcesBuildPhase;
			buildActionMask = 2147483647;
			files = (
				01214544293A17BD00B3E13F /* LaunchScreen.storyboard in Resources */,
				01214541293A17BD00B3E13F /* Assets.xcassets in Resources */,
				0121453F293A17B900B3E13F /* Main.storyboard in Resources */,
			);
			runOnlyForDeploymentPostprocessing = 0;
		};
		01214548293A17BD00B3E13F /* Resources */ = {
			isa = PBXResourcesBuildPhase;
			buildActionMask = 2147483647;
			files = (
			);
			runOnlyForDeploymentPostprocessing = 0;
		};
		01214552293A17BE00B3E13F /* Resources */ = {
			isa = PBXResourcesBuildPhase;
			buildActionMask = 2147483647;
			files = (
			);
			runOnlyForDeploymentPostprocessing = 0;
		};
/* End PBXResourcesBuildPhase section */

/* Begin PBXSourcesBuildPhase section */
		01214530293A17B900B3E13F /* Sources */ = {
			isa = PBXSourcesBuildPhase;
			buildActionMask = 2147483647;
			files = (
				0121453C293A17B900B3E13F /* ViewController.swift in Sources */,
				01214538293A17B900B3E13F /* AppDelegate.swift in Sources */,
				0121453A293A17B900B3E13F /* SceneDelegate.swift in Sources */,
			);
			runOnlyForDeploymentPostprocessing = 0;
		};
		01214546293A17BD00B3E13F /* Sources */ = {
			isa = PBXSourcesBuildPhase;
			buildActionMask = 2147483647;
			files = (
				0121454F293A17BD00B3E13F /* TryDiffableLayoutCollectionViewTests.swift in Sources */,
			);
			runOnlyForDeploymentPostprocessing = 0;
		};
		01214550293A17BE00B3E13F /* Sources */ = {
			isa = PBXSourcesBuildPhase;
			buildActionMask = 2147483647;
			files = (
				0121455B293A17BE00B3E13F /* TryDiffableLayoutCollectionViewUITestsLaunchTests.swift in Sources */,
				01214559293A17BE00B3E13F /* TryDiffableLayoutCollectionViewUITests.swift in Sources */,
			);
			runOnlyForDeploymentPostprocessing = 0;
		};
/* End PBXSourcesBuildPhase section */

/* Begin PBXTargetDependency section */
		0121454C293A17BD00B3E13F /* PBXTargetDependency */ = {
			isa = PBXTargetDependency;
			target = 01214533293A17B900B3E13F /* TryDiffableLayoutCollectionView */;
			targetProxy = 0121454B293A17BD00B3E13F /* PBXContainerItemProxy */;
		};
		01214556293A17BE00B3E13F /* PBXTargetDependency */ = {
			isa = PBXTargetDependency;
			target = 01214533293A17B900B3E13F /* TryDiffableLayoutCollectionView */;
			targetProxy = 01214555293A17BE00B3E13F /* PBXContainerItemProxy */;
		};
/* End PBXTargetDependency section */

/* Begin PBXVariantGroup section */
		0121453D293A17B900B3E13F /* Main.storyboard */ = {
			isa = PBXVariantGroup;
			children = (
				0121453E293A17B900B3E13F /* Base */,
			);
			name = Main.storyboard;
			sourceTree = "<group>";
		};
		01214542293A17BD00B3E13F /* LaunchScreen.storyboard */ = {
			isa = PBXVariantGroup;
			children = (
				01214543293A17BD00B3E13F /* Base */,
			);
			name = LaunchScreen.storyboard;
			sourceTree = "<group>";
		};
/* End PBXVariantGroup section */

/* Begin XCBuildConfiguration section */
		0121455C293A17BE00B3E13F /* Debug */ = {
			isa = XCBuildConfiguration;
			buildSettings = {
				ALWAYS_SEARCH_USER_PATHS = NO;
				CLANG_ANALYZER_NONNULL = YES;
				CLANG_ANALYZER_NUMBER_OBJECT_CONVERSION = YES_AGGRESSIVE;
				CLANG_CXX_LANGUAGE_STANDARD = "gnu++20";
				CLANG_ENABLE_MODULES = YES;
				CLANG_ENABLE_OBJC_ARC = YES;
				CLANG_ENABLE_OBJC_WEAK = YES;
				CLANG_WARN_BLOCK_CAPTURE_AUTORELEASING = YES;
				CLANG_WARN_BOOL_CONVERSION = YES;
				CLANG_WARN_COMMA = YES;
				CLANG_WARN_CONSTANT_CONVERSION = YES;
				CLANG_WARN_DEPRECATED_OBJC_IMPLEMENTATIONS = YES;
				CLANG_WARN_DIRECT_OBJC_ISA_USAGE = YES_ERROR;
				CLANG_WARN_DOCUMENTATION_COMMENTS = YES;
				CLANG_WARN_EMPTY_BODY = YES;
				CLANG_WARN_ENUM_CONVERSION = YES;
				CLANG_WARN_INFINITE_RECURSION = YES;
				CLANG_WARN_INT_CONVERSION = YES;
				CLANG_WARN_NON_LITERAL_NULL_CONVERSION = YES;
				CLANG_WARN_OBJC_IMPLICIT_RETAIN_SELF = YES;
				CLANG_WARN_OBJC_LITERAL_CONVERSION = YES;
				CLANG_WARN_OBJC_ROOT_CLASS = YES_ERROR;
				CLANG_WARN_QUOTED_INCLUDE_IN_FRAMEWORK_HEADER = YES;
				CLANG_WARN_RANGE_LOOP_ANALYSIS = YES;
				CLANG_WARN_STRICT_PROTOTYPES = YES;
				CLANG_WARN_SUSPICIOUS_MOVE = YES;
				CLANG_WARN_UNGUARDED_AVAILABILITY = YES_AGGRESSIVE;
				CLANG_WARN_UNREACHABLE_CODE = YES;
				CLANG_WARN__DUPLICATE_METHOD_MATCH = YES;
				COPY_PHASE_STRIP = NO;
				DEBUG_INFORMATION_FORMAT = dwarf;
				ENABLE_STRICT_OBJC_MSGSEND = YES;
				ENABLE_TESTABILITY = YES;
				GCC_C_LANGUAGE_STANDARD = gnu11;
				GCC_DYNAMIC_NO_PIC = NO;
				GCC_NO_COMMON_BLOCKS = YES;
				GCC_OPTIMIZATION_LEVEL = 0;
				GCC_PREPROCESSOR_DEFINITIONS = (
					"DEBUG=1",
					"$(inherited)",
				);
				GCC_WARN_64_TO_32_BIT_CONVERSION = YES;
				GCC_WARN_ABOUT_RETURN_TYPE = YES_ERROR;
				GCC_WARN_UNDECLARED_SELECTOR = YES;
				GCC_WARN_UNINITIALIZED_AUTOS = YES_AGGRESSIVE;
				GCC_WARN_UNUSED_FUNCTION = YES;
				GCC_WARN_UNUSED_VARIABLE = YES;
				IPHONEOS_DEPLOYMENT_TARGET = 16.0;
				MTL_ENABLE_DEBUG_INFO = INCLUDE_SOURCE;
				MTL_FAST_MATH = YES;
				ONLY_ACTIVE_ARCH = YES;
				SDKROOT = iphoneos;
				SWIFT_ACTIVE_COMPILATION_CONDITIONS = DEBUG;
				SWIFT_OPTIMIZATION_LEVEL = "-Onone";
			};
			name = Debug;
		};
		0121455D293A17BE00B3E13F /* Release */ = {
			isa = XCBuildConfiguration;
			buildSettings = {
				ALWAYS_SEARCH_USER_PATHS = NO;
				CLANG_ANALYZER_NONNULL = YES;
				CLANG_ANALYZER_NUMBER_OBJECT_CONVERSION = YES_AGGRESSIVE;
				CLANG_CXX_LANGUAGE_STANDARD = "gnu++20";
				CLANG_ENABLE_MODULES = YES;
				CLANG_ENABLE_OBJC_ARC = YES;
				CLANG_ENABLE_OBJC_WEAK = YES;
				CLANG_WARN_BLOCK_CAPTURE_AUTORELEASING = YES;
				CLANG_WARN_BOOL_CONVERSION = YES;
				CLANG_WARN_COMMA = YES;
				CLANG_WARN_CONSTANT_CONVERSION = YES;
				CLANG_WARN_DEPRECATED_OBJC_IMPLEMENTATIONS = YES;
				CLANG_WARN_DIRECT_OBJC_ISA_USAGE = YES_ERROR;
				CLANG_WARN_DOCUMENTATION_COMMENTS = YES;
				CLANG_WARN_EMPTY_BODY = YES;
				CLANG_WARN_ENUM_CONVERSION = YES;
				CLANG_WARN_INFINITE_RECURSION = YES;
				CLANG_WARN_INT_CONVERSION = YES;
				CLANG_WARN_NON_LITERAL_NULL_CONVERSION = YES;
				CLANG_WARN_OBJC_IMPLICIT_RETAIN_SELF = YES;
				CLANG_WARN_OBJC_LITERAL_CONVERSION = YES;
				CLANG_WARN_OBJC_ROOT_CLASS = YES_ERROR;
				CLANG_WARN_QUOTED_INCLUDE_IN_FRAMEWORK_HEADER = YES;
				CLANG_WARN_RANGE_LOOP_ANALYSIS = YES;
				CLANG_WARN_STRICT_PROTOTYPES = YES;
				CLANG_WARN_SUSPICIOUS_MOVE = YES;
				CLANG_WARN_UNGUARDED_AVAILABILITY = YES_AGGRESSIVE;
				CLANG_WARN_UNREACHABLE_CODE = YES;
				CLANG_WARN__DUPLICATE_METHOD_MATCH = YES;
				COPY_PHASE_STRIP = NO;
				DEBUG_INFORMATION_FORMAT = "dwarf-with-dsym";
				ENABLE_NS_ASSERTIONS = NO;
				ENABLE_STRICT_OBJC_MSGSEND = YES;
				GCC_C_LANGUAGE_STANDARD = gnu11;
				GCC_NO_COMMON_BLOCKS = YES;
				GCC_WARN_64_TO_32_BIT_CONVERSION = YES;
				GCC_WARN_ABOUT_RETURN_TYPE = YES_ERROR;
				GCC_WARN_UNDECLARED_SELECTOR = YES;
				GCC_WARN_UNINITIALIZED_AUTOS = YES_AGGRESSIVE;
				GCC_WARN_UNUSED_FUNCTION = YES;
				GCC_WARN_UNUSED_VARIABLE = YES;
				IPHONEOS_DEPLOYMENT_TARGET = 16.0;
				MTL_ENABLE_DEBUG_INFO = NO;
				MTL_FAST_MATH = YES;
				SDKROOT = iphoneos;
				SWIFT_COMPILATION_MODE = wholemodule;
				SWIFT_OPTIMIZATION_LEVEL = "-O";
				VALIDATE_PRODUCT = YES;
			};
			name = Release;
		};
		0121455F293A17BE00B3E13F /* Debug */ = {
			isa = XCBuildConfiguration;
			buildSettings = {
				ASSETCATALOG_COMPILER_APPICON_NAME = AppIcon;
				ASSETCATALOG_COMPILER_GLOBAL_ACCENT_COLOR_NAME = AccentColor;
				CODE_SIGN_STYLE = Automatic;
				CURRENT_PROJECT_VERSION = 1;
				GENERATE_INFOPLIST_FILE = YES;
				INFOPLIST_FILE = TryDiffableLayoutCollectionView/Info.plist;
				INFOPLIST_KEY_UIApplicationSupportsIndirectInputEvents = YES;
				INFOPLIST_KEY_UILaunchStoryboardName = LaunchScreen;
				INFOPLIST_KEY_UIMainStoryboardFile = Main;
				INFOPLIST_KEY_UISupportedInterfaceOrientations_iPad = "UIInterfaceOrientationPortrait UIInterfaceOrientationPortraitUpsideDown UIInterfaceOrientationLandscapeLeft UIInterfaceOrientationLandscapeRight";
				INFOPLIST_KEY_UISupportedInterfaceOrientations_iPhone = "UIInterfaceOrientationPortrait UIInterfaceOrientationLandscapeLeft UIInterfaceOrientationLandscapeRight";
				LD_RUNPATH_SEARCH_PATHS = (
					"$(inherited)",
					"@executable_path/Frameworks",
				);
				MARKETING_VERSION = 1.0;
				PRODUCT_BUNDLE_IDENTIFIER = com.viki.TryDiffableLayoutCollectionView;
				PRODUCT_NAME = "$(TARGET_NAME)";
				SWIFT_EMIT_LOC_STRINGS = YES;
				SWIFT_VERSION = 5.0;
				TARGETED_DEVICE_FAMILY = "1,2";
			};
			name = Debug;
		};
		01214560293A17BE00B3E13F /* Release */ = {
			isa = XCBuildConfiguration;
			buildSettings = {
				ASSETCATALOG_COMPILER_APPICON_NAME = AppIcon;
				ASSETCATALOG_COMPILER_GLOBAL_ACCENT_COLOR_NAME = AccentColor;
				CODE_SIGN_STYLE = Automatic;
				CURRENT_PROJECT_VERSION = 1;
				GENERATE_INFOPLIST_FILE = YES;
				INFOPLIST_FILE = TryDiffableLayoutCollectionView/Info.plist;
				INFOPLIST_KEY_UIApplicationSupportsIndirectInputEvents = YES;
				INFOPLIST_KEY_UILaunchStoryboardName = LaunchScreen;
				INFOPLIST_KEY_UIMainStoryboardFile = Main;
				INFOPLIST_KEY_UISupportedInterfaceOrientations_iPad = "UIInterfaceOrientationPortrait UIInterfaceOrientationPortraitUpsideDown UIInterfaceOrientationLandscapeLeft UIInterfaceOrientationLandscapeRight";
				INFOPLIST_KEY_UISupportedInterfaceOrientations_iPhone = "UIInterfaceOrientationPortrait UIInterfaceOrientationLandscapeLeft UIInterfaceOrientationLandscapeRight";
				LD_RUNPATH_SEARCH_PATHS = (
					"$(inherited)",
					"@executable_path/Frameworks",
				);
				MARKETING_VERSION = 1.0;
				PRODUCT_BUNDLE_IDENTIFIER = com.viki.TryDiffableLayoutCollectionView;
				PRODUCT_NAME = "$(TARGET_NAME)";
				SWIFT_EMIT_LOC_STRINGS = YES;
				SWIFT_VERSION = 5.0;
				TARGETED_DEVICE_FAMILY = "1,2";
			};
			name = Release;
		};
		01214562293A17BE00B3E13F /* Debug */ = {
			isa = XCBuildConfiguration;
			buildSettings = {
				ALWAYS_EMBED_SWIFT_STANDARD_LIBRARIES = YES;
				BUNDLE_LOADER = "$(TEST_HOST)";
				CODE_SIGN_STYLE = Automatic;
				CURRENT_PROJECT_VERSION = 1;
				GENERATE_INFOPLIST_FILE = YES;
				IPHONEOS_DEPLOYMENT_TARGET = 16.0;
				MARKETING_VERSION = 1.0;
				PRODUCT_BUNDLE_IDENTIFIER = com.viki.TryDiffableLayoutCollectionViewTests;
				PRODUCT_NAME = "$(TARGET_NAME)";
				SWIFT_EMIT_LOC_STRINGS = NO;
				SWIFT_VERSION = 5.0;
				TARGETED_DEVICE_FAMILY = "1,2";
				TEST_HOST = "$(BUILT_PRODUCTS_DIR)/TryDiffableLayoutCollectionView.app/$(BUNDLE_EXECUTABLE_FOLDER_PATH)/TryDiffableLayoutCollectionView";
			};
			name = Debug;
		};
		01214563293A17BE00B3E13F /* Release */ = {
			isa = XCBuildConfiguration;
			buildSettings = {
				ALWAYS_EMBED_SWIFT_STANDARD_LIBRARIES = YES;
				BUNDLE_LOADER = "$(TEST_HOST)";
				CODE_SIGN_STYLE = Automatic;
				CURRENT_PROJECT_VERSION = 1;
				GENERATE_INFOPLIST_FILE = YES;
				IPHONEOS_DEPLOYMENT_TARGET = 16.0;
				MARKETING_VERSION = 1.0;
				PRODUCT_BUNDLE_IDENTIFIER = com.viki.TryDiffableLayoutCollectionViewTests;
				PRODUCT_NAME = "$(TARGET_NAME)";
				SWIFT_EMIT_LOC_STRINGS = NO;
				SWIFT_VERSION = 5.0;
				TARGETED_DEVICE_FAMILY = "1,2";
				TEST_HOST = "$(BUILT_PRODUCTS_DIR)/TryDiffableLayoutCollectionView.app/$(BUNDLE_EXECUTABLE_FOLDER_PATH)/TryDiffableLayoutCollectionView";
			};
			name = Release;
		};
		01214565293A17BE00B3E13F /* Debug */ = {
			isa = XCBuildConfiguration;
			buildSettings = {
				ALWAYS_EMBED_SWIFT_STANDARD_LIBRARIES = YES;
				CODE_SIGN_STYLE = Automatic;
				CURRENT_PROJECT_VERSION = 1;
				GENERATE_INFOPLIST_FILE = YES;
				MARKETING_VERSION = 1.0;
				PRODUCT_BUNDLE_IDENTIFIER = com.viki.TryDiffableLayoutCollectionViewUITests;
				PRODUCT_NAME = "$(TARGET_NAME)";
				SWIFT_EMIT_LOC_STRINGS = NO;
				SWIFT_VERSION = 5.0;
				TARGETED_DEVICE_FAMILY = "1,2";
				TEST_TARGET_NAME = TryDiffableLayoutCollectionView;
			};
			name = Debug;
		};
		01214566293A17BE00B3E13F /* Release */ = {
			isa = XCBuildConfiguration;
			buildSettings = {
				ALWAYS_EMBED_SWIFT_STANDARD_LIBRARIES = YES;
				CODE_SIGN_STYLE = Automatic;
				CURRENT_PROJECT_VERSION = 1;
				GENERATE_INFOPLIST_FILE = YES;
				MARKETING_VERSION = 1.0;
				PRODUCT_BUNDLE_IDENTIFIER = com.viki.TryDiffableLayoutCollectionViewUITests;
				PRODUCT_NAME = "$(TARGET_NAME)";
				SWIFT_EMIT_LOC_STRINGS = NO;
				SWIFT_VERSION = 5.0;
				TARGETED_DEVICE_FAMILY = "1,2";
				TEST_TARGET_NAME = TryDiffableLayoutCollectionView;
			};
			name = Release;
		};
/* End XCBuildConfiguration section */

/* Begin XCConfigurationList section */
		0121452F293A17B900B3E13F /* Build configuration list for PBXProject "TryDiffableLayoutCollectionView" */ = {
			isa = XCConfigurationList;
			buildConfigurations = (
				0121455C293A17BE00B3E13F /* Debug */,
				0121455D293A17BE00B3E13F /* Release */,
			);
			defaultConfigurationIsVisible = 0;
			defaultConfigurationName = Release;
		};
		0121455E293A17BE00B3E13F /* Build configuration list for PBXNativeTarget "TryDiffableLayoutCollectionView" */ = {
			isa = XCConfigurationList;
			buildConfigurations = (
				0121455F293A17BE00B3E13F /* Debug */,
				01214560293A17BE00B3E13F /* Release */,
			);
			defaultConfigurationIsVisible = 0;
			defaultConfigurationName = Release;
		};
		01214561293A17BE00B3E13F /* Build configuration list for PBXNativeTarget "TryDiffableLayoutCollectionViewTests" */ = {
			isa = XCConfigurationList;
			buildConfigurations = (
				01214562293A17BE00B3E13F /* Debug */,
				01214563293A17BE00B3E13F /* Release */,
			);
			defaultConfigurationIsVisible = 0;
			defaultConfigurationName = Release;
		};
		01214564293A17BE00B3E13F /* Build configuration list for PBXNativeTarget "TryDiffableLayoutCollectionViewUITests" */ = {
			isa = XCConfigurationList;
			buildConfigurations = (
				01214565293A17BE00B3E13F /* Debug */,
				01214566293A17BE00B3E13F /* Release */,
			);
			defaultConfigurationIsVisible = 0;
			defaultConfigurationName = Release;
		};
/* End XCConfigurationList section */
	};
	rootObject = 0121452C293A17B900B3E13F /* Project object */;
}
